<?xml version="1.0" encoding="utf-8"?>
<Project ToolsVersion="4.0" xmlns="http://schemas.microsoft.com/developer/msbuild/2003">
  <ItemGroup>
    <Filter Include="Source Files">
      <UniqueIdentifier>{4FC737F1-C7A5-4376-A066-2A32D752A2FF}</UniqueIdentifier>
      <Extensions>cpp;c;cc;cxx;def;odl;idl;hpj;bat;asm;asmx</Extensions>
    </Filter>
    <Filter Include="Header Files">
      <UniqueIdentifier>{93995380-89BD-4b04-88EB-625FBE52EBFB}</UniqueIdentifier>
      <Extensions>h;hh;hpp;hxx;hm;inl;inc;xsd</Extensions>
    </Filter>
    <Filter Include="Resource Files">
      <UniqueIdentifier>{67DA6AB6-F800-4c08-8B7A-83BB121AAD01}</UniqueIdentifier>
      <Extensions>rc;ico;cur;bmp;dlg;rc2;rct;bin;rgs;gif;jpg;jpeg;jpe;resx;tiff;tif;png;wav;mfcribbon-ms</Extensions>
    </Filter>
    <Filter Include="Header Files\Utility">
      <UniqueIdentifier>{b2834585-066c-44b3-8ae4-9cec25aa544b}</UniqueIdentifier>
    </Filter>
    <Filter Include="Header Files\NN">
      <UniqueIdentifier>{94226bf8-dee2-4250-b5c5-04dd6d48ecd0}</UniqueIdentifier>
    </Filter>
    <Filter Include="Header Files\NN\Neuron">
      <UniqueIdentifier>{ee42c55a-0f88-49ab-befd-7f2020325a9f}</UniqueIdentifier>
    </Filter>
    <Filter Include="Header Files\Xfer">
      <UniqueIdentifier>{a343a8d5-2699-4a8e-bd78-085daa00a265}</UniqueIdentifier>
    </Filter>
    <Filter Include="Header Files\Err">
      <UniqueIdentifier>{bbafbfc1-c501-4498-8ee0-68b01609d241}</UniqueIdentifier>
    </Filter>
    <Filter Include="Header Files\Reader">
      <UniqueIdentifier>{599ae72a-42f1-4c1b-bd3a-986d369e761c}</UniqueIdentifier>
    </Filter>
    <Filter Include="Header Files\NN\Weight">
      <UniqueIdentifier>{c693ed80-1e46-48f5-b739-cb835310264f}</UniqueIdentifier>
    </Filter>
    <Filter Include="Header Files\NN\Layer">
      <UniqueIdentifier>{c6230db7-6c66-40d8-864c-56848d6afb93}</UniqueIdentifier>
    </Filter>
    <Filter Include="Header Files\NN\Net">
      <UniqueIdentifier>{e3188c36-d62c-49f2-9a13-ecd8c9665851}</UniqueIdentifier>
    </Filter>
  </ItemGroup>
  <ItemGroup>
    <ClCompile Include="demo.cpp">
      <Filter>Source Files</Filter>
    </ClCompile>
  </ItemGroup>
  <ItemGroup>
    <ClInclude Include="Xfer\xfer.hpp">
      <Filter>Header Files\Xfer</Filter>
    </ClInclude>
    <ClInclude Include="Xfer\xfer_itf.hpp">
      <Filter>Header Files\Xfer</Filter>
    </ClInclude>
    <ClInclude Include="Xfer\xfer_lnr.hpp">
      <Filter>Header Files\Xfer</Filter>
    </ClInclude>
    <ClInclude Include="Xfer\xfer_log_sig.hpp">
      <Filter>Header Files\Xfer</Filter>
    </ClInclude>
    <ClInclude Include="Xfer\xfer_tan_sig.hpp">
      <Filter>Header Files\Xfer</Filter>
    </ClInclude>
    <ClInclude Include="Err\err.hpp">
      <Filter>Header Files\Err</Filter>
    </ClInclude>
    <ClInclude Include="Err\err_itf.hpp">
      <Filter>Header Files\Err</Filter>
    </ClInclude>
    <ClInclude Include="Err\err_mae.hpp">
      <Filter>Header Files\Err</Filter>
    </ClInclude>
    <ClInclude Include="Err\err_mse.hpp">
      <Filter>Header Files\Err</Filter>
    </ClInclude>
    <ClInclude Include="Err\err_rmse.hpp">
      <Filter>Header Files\Err</Filter>
    </ClInclude>
    <ClInclude Include="Utility\type.hpp">
      <Filter>Header Files\Utility</Filter>
    </ClInclude>
    <ClInclude Include="NN\Layer\layer.hpp">
      <Filter>Header Files\NN\Layer</Filter>
    </ClInclude>
    <ClInclude Include="NN\Neuron\neuron.hpp">
      <Filter>Header Files\NN\Neuron</Filter>
    </ClInclude>
    <ClInclude Include="NN\Net\nn_2_layer.hpp">
      <Filter>Header Files\NN\Net</Filter>
    </ClInclude>
    <ClInclude Include="NN\Layer\layer_output.hpp">
      <Filter>Header Files\NN\Layer</Filter>
    </ClInclude>
    <ClInclude Include="NN\Neuron\neuron_input.hpp">
      <Filter>Header Files\NN\Neuron</Filter>
    </ClInclude>
    <ClInclude Include="NN\Neuron\neuron_target.hpp">
      <Filter>Header Files\NN\Neuron</Filter>
    </ClInclude>
    <ClInclude Include="Utility\path_backward_itf.hpp">
      <Filter>Header Files\Utility</Filter>
    </ClInclude>
    <ClInclude Include="Utility\path_forward_itf.hpp">
      <Filter>Header Files\Utility</Filter>
    </ClInclude>
    <ClInclude Include="Utility\node_input_itf.hpp">
      <Filter>Header Files\Utility</Filter>
    </ClInclude>
    <ClInclude Include="Utility\node_output_itf.hpp">
      <Filter>Header Files\Utility</Filter>
    </ClInclude>
    <ClInclude Include="NN\Layer\layer_input.hpp">
      <Filter>Header Files\NN\Layer</Filter>
    </ClInclude>
    <ClInclude Include="NN\Weight\param_bp.hpp">
      <Filter>Header Files\NN\Weight</Filter>
    </ClInclude>
    <ClInclude Include="NN\Weight\param_lm.hpp">
      <Filter>Header Files\NN\Weight</Filter>
    </ClInclude>
    <ClInclude Include="NN\Weight\param_qp.hpp">
      <Filter>Header Files\NN\Weight</Filter>
    </ClInclude>
    <ClInclude Include="NN\Weight\param_rp.hpp">
      <Filter>Header Files\NN\Weight</Filter>
    </ClInclude>
    <ClInclude Include="NN\Weight\weight_bp.hpp">
      <Filter>Header Files\NN\Weight</Filter>
    </ClInclude>
    <ClInclude Include="NN\Weight\weight_itf.hpp">
      <Filter>Header Files\NN\Weight</Filter>
    </ClInclude>
    <ClInclude Include="NN\Weight\weight_lm.hpp">
      <Filter>Header Files\NN\Weight</Filter>
    </ClInclude>
    <ClInclude Include="NN\Weight\weight_qp.hpp">
      <Filter>Header Files\NN\Weight</Filter>
    </ClInclude>
    <ClInclude Include="NN\Weight\weight_rp.hpp">
      <Filter>Header Files\NN\Weight</Filter>
    </ClInclude>
    <ClInclude Include="NN\Weight\weight_vector.hpp">
      <Filter>Header Files\NN\Weight</Filter>
    </ClInclude>
    <ClInclude Include="predictor.hpp">
      <Filter>Header Files</Filter>
    </ClInclude>
    <ClInclude Include="tester.hpp">
      <Filter>Header Files</Filter>
    </ClInclude>
    <ClInclude Include="trainer.hpp">
      <Filter>Header Files</Filter>
    </ClInclude>
    <ClInclude Include="Reader\reader_binary.hpp">
      <Filter>Header Files\Reader</Filter>
    </ClInclude>
  </ItemGroup>
</Project>