<?xml version="1.0" encoding="utf-8"?>
<Project ToolsVersion="4.0" xmlns="http://schemas.microsoft.com/developer/msbuild/2003">
  <ItemGroup>
    <Filter Include="Source Files">
      <UniqueIdentifier>{4FC737F1-C7A5-4376-A066-2A32D752A2FF}</UniqueIdentifier>
      <Extensions>cpp;c;cc;cxx;def;odl;idl;hpj;bat;asm;asmx</Extensions>
    </Filter>
    <Filter Include="Header Files">
      <UniqueIdentifier>{93995380-89BD-4b04-88EB-625FBE52EBFB}</UniqueIdentifier>
      <Extensions>h;hh;hpp;hxx;hm;inl;inc;xsd</Extensions>
    </Filter>
    <Filter Include="Resource Files">
      <UniqueIdentifier>{67DA6AB6-F800-4c08-8B7A-83BB121AAD01}</UniqueIdentifier>
      <Extensions>rc;ico;cur;bmp;dlg;rc2;rct;bin;rgs;gif;jpg;jpeg;jpe;resx;tiff;tif;png;wav;mfcribbon-ms</Extensions>
    </Filter>
    <Filter Include="Header Files\err">
      <UniqueIdentifier>{7ae946f8-2112-4491-9187-d68dde524305}</UniqueIdentifier>
    </Filter>
    <Filter Include="Header Files\xfer">
      <UniqueIdentifier>{c5a12280-5d91-4411-9bb3-ecad551b8697}</UniqueIdentifier>
    </Filter>
    <Filter Include="Header Files\utility">
      <UniqueIdentifier>{58ca0a73-ff87-4dc7-a548-1de5dc50e81e}</UniqueIdentifier>
    </Filter>
    <Filter Include="Header Files\nn">
      <UniqueIdentifier>{011c5462-77b7-4387-a803-16f038ffd993}</UniqueIdentifier>
    </Filter>
    <Filter Include="Header Files\reader">
      <UniqueIdentifier>{7a28f071-ac1b-4194-a1c2-6517b8f74dfa}</UniqueIdentifier>
    </Filter>
    <Filter Include="Header Files\test">
      <UniqueIdentifier>{836f6180-4688-47f9-9197-8f4d740149eb}</UniqueIdentifier>
    </Filter>
    <Filter Include="Header Files\nn\net">
      <UniqueIdentifier>{ddd989d8-5fd8-4c62-9b18-251313c661d2}</UniqueIdentifier>
    </Filter>
    <Filter Include="Header Files\nn\layer">
      <UniqueIdentifier>{e2382af4-4100-4973-aad3-298b418d2d4b}</UniqueIdentifier>
    </Filter>
    <Filter Include="Header Files\nn\weight">
      <UniqueIdentifier>{4bc0af93-b709-452b-9891-87a1972bf5d2}</UniqueIdentifier>
    </Filter>
    <Filter Include="Header Files\nn\neuron">
      <UniqueIdentifier>{35dd1163-0ce6-41a1-87b6-31ae7a2e7681}</UniqueIdentifier>
    </Filter>
  </ItemGroup>
  <ItemGroup>
    <ClCompile Include="demo.cpp">
      <Filter>Source Files</Filter>
    </ClCompile>
  </ItemGroup>
  <ItemGroup>
    <ClInclude Include="predictor.hpp">
      <Filter>Header Files</Filter>
    </ClInclude>
    <ClInclude Include="tester.hpp">
      <Filter>Header Files</Filter>
    </ClInclude>
    <ClInclude Include="trainer.hpp">
      <Filter>Header Files</Filter>
    </ClInclude>
    <ClInclude Include="err\err.hpp">
      <Filter>Header Files\err</Filter>
    </ClInclude>
    <ClInclude Include="err\err_itf.hpp">
      <Filter>Header Files\err</Filter>
    </ClInclude>
    <ClInclude Include="err\err_mae.hpp">
      <Filter>Header Files\err</Filter>
    </ClInclude>
    <ClInclude Include="err\err_mse.hpp">
      <Filter>Header Files\err</Filter>
    </ClInclude>
    <ClInclude Include="err\err_rmse.hpp">
      <Filter>Header Files\err</Filter>
    </ClInclude>
    <ClInclude Include="reader\reader_binary.hpp">
      <Filter>Header Files\reader</Filter>
    </ClInclude>
    <ClInclude Include="utility\backward_itf.hpp">
      <Filter>Header Files\utility</Filter>
    </ClInclude>
    <ClInclude Include="utility\forward_itf.hpp">
      <Filter>Header Files\utility</Filter>
    </ClInclude>
    <ClInclude Include="utility\input_itf.hpp">
      <Filter>Header Files\utility</Filter>
    </ClInclude>
    <ClInclude Include="utility\node.hpp">
      <Filter>Header Files\utility</Filter>
    </ClInclude>
    <ClInclude Include="utility\output_itf.hpp">
      <Filter>Header Files\utility</Filter>
    </ClInclude>
    <ClInclude Include="utility\type.hpp">
      <Filter>Header Files\utility</Filter>
    </ClInclude>
    <ClInclude Include="xfer\xfer.hpp">
      <Filter>Header Files\xfer</Filter>
    </ClInclude>
    <ClInclude Include="xfer\xfer_itf.hpp">
      <Filter>Header Files\xfer</Filter>
    </ClInclude>
    <ClInclude Include="xfer\xfer_lnr.hpp">
      <Filter>Header Files\xfer</Filter>
    </ClInclude>
    <ClInclude Include="xfer\xfer_log_sig.hpp">
      <Filter>Header Files\xfer</Filter>
    </ClInclude>
    <ClInclude Include="xfer\xfer_tan_sig.hpp">
      <Filter>Header Files\xfer</Filter>
    </ClInclude>
    <ClInclude Include="nn\net\net_2_layer.hpp">
      <Filter>Header Files\nn\net</Filter>
    </ClInclude>
    <ClInclude Include="nn\neuron\neuron.hpp">
      <Filter>Header Files\nn\neuron</Filter>
    </ClInclude>
    <ClInclude Include="nn\neuron\neuron_input.hpp">
      <Filter>Header Files\nn\neuron</Filter>
    </ClInclude>
    <ClInclude Include="nn\neuron\neuron_target.hpp">
      <Filter>Header Files\nn\neuron</Filter>
    </ClInclude>
    <ClInclude Include="nn\layer\layer.hpp">
      <Filter>Header Files\nn\layer</Filter>
    </ClInclude>
    <ClInclude Include="nn\layer\layer_input.hpp">
      <Filter>Header Files\nn\layer</Filter>
    </ClInclude>
    <ClInclude Include="nn\layer\layer_target.hpp">
      <Filter>Header Files\nn\layer</Filter>
    </ClInclude>
    <ClInclude Include="nn\net\net_3_layer.hpp">
      <Filter>Header Files\nn\net</Filter>
    </ClInclude>
    <ClInclude Include="nn\net\net_1_layer.hpp">
      <Filter>Header Files\nn\net</Filter>
    </ClInclude>
    <ClInclude Include="nn\net\net_recurrent.hpp">
      <Filter>Header Files\nn\net</Filter>
    </ClInclude>
    <ClInclude Include="nn\weight\weight.hpp">
      <Filter>Header Files\nn\weight</Filter>
    </ClInclude>
    <ClInclude Include="nn\weight\update_bp.hpp">
      <Filter>Header Files\nn\weight</Filter>
    </ClInclude>
    <ClInclude Include="nn\weight\update_lm.hpp">
      <Filter>Header Files\nn\weight</Filter>
    </ClInclude>
    <ClInclude Include="nn\weight\param_bp.hpp">
      <Filter>Header Files\nn\weight</Filter>
    </ClInclude>
    <ClInclude Include="nn\weight\param_lm.hpp">
      <Filter>Header Files\nn\weight</Filter>
    </ClInclude>
    <ClInclude Include="nn\layer\layer_weight.hpp">
      <Filter>Header Files\nn\layer</Filter>
    </ClInclude>
    <ClInclude Include="nn\weight\weight_vector.hpp">
      <Filter>Header Files\nn\weight</Filter>
    </ClInclude>
  </ItemGroup>
</Project>